
Microsoft Visual Studio Solution File, Format Version 12.00
# Visual Studio Version 16
VisualStudioVersion = 16.0.31005.135
MinimumVisualStudioVersion = 10.0.40219.1
Project("{FAE04EC0-301F-11D3-BF4B-00C04F79EFBC}") = "backend-book-assignement", "backend-book-assignement.csproj", "{5E81BF7B-ADFA-48AA-9BB1-459B094D293C}"
EndProject
Global
	GlobalSection(SolutionConfigurationPlatforms) = preSolution
		Debug|Any CPU = Debug|Any CPU
		Release|Any CPU = Release|Any CPU
	EndGlobalSection
	GlobalSection(ProjectConfigurationPlatforms) = postSolution
		{5E81BF7B-ADFA-48AA-9BB1-459B094D293C}.Debug|Any CPU.ActiveCfg = Debug|Any CPU
		{5E81BF7B-ADFA-48AA-9BB1-459B094D293C}.Debug|Any CPU.Build.0 = Debug|Any CPU
		{5E81BF7B-ADFA-48AA-9BB1-459B094D293C}.Release|Any CPU.ActiveCfg = Release|Any CPU
		{5E81BF7B-ADFA-48AA-9BB1-459B094D293C}.Release|Any CPU.Build.0 = Release|Any CPU
	EndGlobalSection
	GlobalSection(SolutionProperties) = preSolution
		HideSolutionNode = FALSE
	EndGlobalSection
	GlobalSection(ExtensibilityGlobals) = postSolution
		SolutionGuid = {0BE1BF4B-51D3-4BF7-97EB-C374F3138B65}
	EndGlobalSection
EndGlobal
